// !$*UTF8*$!
{
	archiveVersion = 1;
	classes = {
	};
	objectVersion = 50;
	objects = {

/* Begin PBXBuildFile section */
		3172282C20D7FCFA0025FCBD /* DateExtensions.swift in Sources */ = {isa = PBXBuildFile; fileRef = 3172282B20D7FCFA0025FCBD /* DateExtensions.swift */; };
		3172282D20D7FD190025FCBD /* DateExtensions.swift in Sources */ = {isa = PBXBuildFile; fileRef = 3172282B20D7FCFA0025FCBD /* DateExtensions.swift */; };
		31CA6D6D20DA8D3D000DC552 /* HomeViewController.swift in Sources */ = {isa = PBXBuildFile; fileRef = 31CA6D6C20DA8D3D000DC552 /* HomeViewController.swift */; };
		31CA6D6F20DAA5BB000DC552 /* SelectOpponentViewController.swift in Sources */ = {isa = PBXBuildFile; fileRef = 31CA6D6E20DAA5BB000DC552 /* SelectOpponentViewController.swift */; };
		31CA6D7220DAA6C1000DC552 /* UsernameSelectionTableViewCell.swift in Sources */ = {isa = PBXBuildFile; fileRef = 31CA6D7120DAA6C1000DC552 /* UsernameSelectionTableViewCell.swift */; };
		31CF907820D93A46006B4AA5 /* MainTabBarController.swift in Sources */ = {isa = PBXBuildFile; fileRef = 31CF907720D93A46006B4AA5 /* MainTabBarController.swift */; };
		31CF907A20D93AB0006B4AA5 /* SignInViewController.swift in Sources */ = {isa = PBXBuildFile; fileRef = 31CF907920D93AB0006B4AA5 /* SignInViewController.swift */; };
		31D44B0220D7DD3A008A6155 /* AppDelegate.swift in Sources */ = {isa = PBXBuildFile; fileRef = 31D44B0120D7DD3A008A6155 /* AppDelegate.swift */; };
		31D44B0920D7DD3A008A6155 /* Main.storyboard in Resources */ = {isa = PBXBuildFile; fileRef = 31D44B0720D7DD3A008A6155 /* Main.storyboard */; };
		31D44B0B20D7DD3B008A6155 /* Assets.xcassets in Resources */ = {isa = PBXBuildFile; fileRef = 31D44B0A20D7DD3B008A6155 /* Assets.xcassets */; };
		31D44B0E20D7DD3B008A6155 /* LaunchScreen.storyboard in Resources */ = {isa = PBXBuildFile; fileRef = 31D44B0C20D7DD3B008A6155 /* LaunchScreen.storyboard */; };
		31D44B1920D7DD3B008A6155 /* ChallengeTests.swift in Sources */ = {isa = PBXBuildFile; fileRef = 31D44B1820D7DD3B008A6155 /* ChallengeTests.swift */; };
		31D44B2520D7E096008A6155 /* Battle.swift in Sources */ = {isa = PBXBuildFile; fileRef = 31D44B2420D7E096008A6155 /* Battle.swift */; };
		31D44B2720D7E1D2008A6155 /* User.swift in Sources */ = {isa = PBXBuildFile; fileRef = 31D44B2620D7E1D2008A6155 /* User.swift */; };
		31D44B2920D7E2B9008A6155 /* BattleModelTests.swift in Sources */ = {isa = PBXBuildFile; fileRef = 31D44B2820D7E2B9008A6155 /* BattleModelTests.swift */; };
		31D44B2B20D7E2CD008A6155 /* UserModelTests.swift in Sources */ = {isa = PBXBuildFile; fileRef = 31D44B2A20D7E2CD008A6155 /* UserModelTests.swift */; };
		31D44B2D20D7F275008A6155 /* Webservice.swift in Sources */ = {isa = PBXBuildFile; fileRef = 31D44B2C20D7F275008A6155 /* Webservice.swift */; };
		31D44B2E20D7F5D0008A6155 /* Battle.swift in Sources */ = {isa = PBXBuildFile; fileRef = 31D44B2420D7E096008A6155 /* Battle.swift */; };
		31D44B2F20D7F5D3008A6155 /* User.swift in Sources */ = {isa = PBXBuildFile; fileRef = 31D44B2620D7E1D2008A6155 /* User.swift */; };
		31D44B3020D7F5D5008A6155 /* Webservice.swift in Sources */ = {isa = PBXBuildFile; fileRef = 31D44B2C20D7F275008A6155 /* Webservice.swift */; };
/* End PBXBuildFile section */

/* Begin PBXContainerItemProxy section */
		31D44B1520D7DD3B008A6155 /* PBXContainerItemProxy */ = {
			isa = PBXContainerItemProxy;
			containerPortal = 31D44AF620D7DD3A008A6155 /* Project object */;
			proxyType = 1;
			remoteGlobalIDString = 31D44AFD20D7DD3A008A6155;
			remoteInfo = Challenge;
		};
/* End PBXContainerItemProxy section */

/* Begin PBXFileReference section */
		3172282B20D7FCFA0025FCBD /* DateExtensions.swift */ = {isa = PBXFileReference; lastKnownFileType = sourcecode.swift; path = DateExtensions.swift; sourceTree = "<group>"; };
		31CA6D6C20DA8D3D000DC552 /* HomeViewController.swift */ = {isa = PBXFileReference; lastKnownFileType = sourcecode.swift; path = HomeViewController.swift; sourceTree = "<group>"; };
		31CA6D6E20DAA5BB000DC552 /* SelectOpponentViewController.swift */ = {isa = PBXFileReference; lastKnownFileType = sourcecode.swift; path = SelectOpponentViewController.swift; sourceTree = "<group>"; };
		31CA6D7120DAA6C1000DC552 /* UsernameSelectionTableViewCell.swift */ = {isa = PBXFileReference; lastKnownFileType = sourcecode.swift; path = UsernameSelectionTableViewCell.swift; sourceTree = "<group>"; };
		31CF907720D93A46006B4AA5 /* MainTabBarController.swift */ = {isa = PBXFileReference; lastKnownFileType = sourcecode.swift; path = MainTabBarController.swift; sourceTree = "<group>"; };
		31CF907920D93AB0006B4AA5 /* SignInViewController.swift */ = {isa = PBXFileReference; lastKnownFileType = sourcecode.swift; path = SignInViewController.swift; sourceTree = "<group>"; };
		31D44AFE20D7DD3A008A6155 /* Challenge.app */ = {isa = PBXFileReference; explicitFileType = wrapper.application; includeInIndex = 0; path = Challenge.app; sourceTree = BUILT_PRODUCTS_DIR; };
		31D44B0120D7DD3A008A6155 /* AppDelegate.swift */ = {isa = PBXFileReference; lastKnownFileType = sourcecode.swift; path = AppDelegate.swift; sourceTree = "<group>"; };
		31D44B0820D7DD3A008A6155 /* Base */ = {isa = PBXFileReference; lastKnownFileType = file.storyboard; name = Base; path = Base.lproj/Main.storyboard; sourceTree = "<group>"; };
		31D44B0A20D7DD3B008A6155 /* Assets.xcassets */ = {isa = PBXFileReference; lastKnownFileType = folder.assetcatalog; path = Assets.xcassets; sourceTree = "<group>"; };
		31D44B0D20D7DD3B008A6155 /* Base */ = {isa = PBXFileReference; lastKnownFileType = file.storyboard; name = Base; path = Base.lproj/LaunchScreen.storyboard; sourceTree = "<group>"; };
		31D44B0F20D7DD3B008A6155 /* Info.plist */ = {isa = PBXFileReference; lastKnownFileType = text.plist.xml; path = Info.plist; sourceTree = "<group>"; };
		31D44B1420D7DD3B008A6155 /* ChallengeTests.xctest */ = {isa = PBXFileReference; explicitFileType = wrapper.cfbundle; includeInIndex = 0; path = ChallengeTests.xctest; sourceTree = BUILT_PRODUCTS_DIR; };
		31D44B1820D7DD3B008A6155 /* ChallengeTests.swift */ = {isa = PBXFileReference; lastKnownFileType = sourcecode.swift; path = ChallengeTests.swift; sourceTree = "<group>"; };
		31D44B1A20D7DD3B008A6155 /* Info.plist */ = {isa = PBXFileReference; lastKnownFileType = text.plist.xml; path = Info.plist; sourceTree = "<group>"; };
		31D44B2420D7E096008A6155 /* Battle.swift */ = {isa = PBXFileReference; lastKnownFileType = sourcecode.swift; path = Battle.swift; sourceTree = "<group>"; };
		31D44B2620D7E1D2008A6155 /* User.swift */ = {isa = PBXFileReference; lastKnownFileType = sourcecode.swift; path = User.swift; sourceTree = "<group>"; };
		31D44B2820D7E2B9008A6155 /* BattleModelTests.swift */ = {isa = PBXFileReference; lastKnownFileType = sourcecode.swift; path = BattleModelTests.swift; sourceTree = "<group>"; };
		31D44B2A20D7E2CD008A6155 /* UserModelTests.swift */ = {isa = PBXFileReference; lastKnownFileType = sourcecode.swift; path = UserModelTests.swift; sourceTree = "<group>"; };
		31D44B2C20D7F275008A6155 /* Webservice.swift */ = {isa = PBXFileReference; lastKnownFileType = sourcecode.swift; path = Webservice.swift; sourceTree = "<group>"; };
/* End PBXFileReference section */

/* Begin PBXFrameworksBuildPhase section */
		31D44AFB20D7DD3A008A6155 /* Frameworks */ = {
			isa = PBXFrameworksBuildPhase;
			buildActionMask = 2147483647;
			files = (
			);
			runOnlyForDeploymentPostprocessing = 0;
		};
		31D44B1120D7DD3B008A6155 /* Frameworks */ = {
			isa = PBXFrameworksBuildPhase;
			buildActionMask = 2147483647;
			files = (
			);
			runOnlyForDeploymentPostprocessing = 0;
		};
/* End PBXFrameworksBuildPhase section */

/* Begin PBXGroup section */
		3172282A20D7FCDC0025FCBD /* StdLibExtensions */ = {
			isa = PBXGroup;
			children = (
				3172282B20D7FCFA0025FCBD /* DateExtensions.swift */,
			);
			path = StdLibExtensions;
			sourceTree = "<group>";
		};
		31CA6D7020DAA697000DC552 /* Views */ = {
			isa = PBXGroup;
			children = (
				31CA6D7120DAA6C1000DC552 /* UsernameSelectionTableViewCell.swift */,
			);
			path = Views;
			sourceTree = "<group>";
		};
		31CA6D7320DAAA32000DC552 /* New Challenge */ = {
			isa = PBXGroup;
			children = (
				31CA6D6E20DAA5BB000DC552 /* SelectOpponentViewController.swift */,
			);
			path = "New Challenge";
			sourceTree = "<group>";
		};
		31CF907620D93A0B006B4AA5 /* View Controllers */ = {
			isa = PBXGroup;
			children = (
				31CA6D7320DAAA32000DC552 /* New Challenge */,
				31CF907720D93A46006B4AA5 /* MainTabBarController.swift */,
				31CF907920D93AB0006B4AA5 /* SignInViewController.swift */,
				31CA6D6C20DA8D3D000DC552 /* HomeViewController.swift */,
			);
			path = "View Controllers";
			sourceTree = "<group>";
		};
		31D44AF520D7DD3A008A6155 = {
			isa = PBXGroup;
			children = (
				31D44B0020D7DD3A008A6155 /* Challenge */,
				31D44B1720D7DD3B008A6155 /* ChallengeTests */,
				31D44AFF20D7DD3A008A6155 /* Products */,
			);
			sourceTree = "<group>";
		};
		31D44AFF20D7DD3A008A6155 /* Products */ = {
			isa = PBXGroup;
			children = (
				31D44AFE20D7DD3A008A6155 /* Challenge.app */,
				31D44B1420D7DD3B008A6155 /* ChallengeTests.xctest */,
			);
			name = Products;
			sourceTree = "<group>";
		};
		31D44B0020D7DD3A008A6155 /* Challenge */ = {
			isa = PBXGroup;
			children = (
				31CA6D7020DAA697000DC552 /* Views */,
				31CF907620D93A0B006B4AA5 /* View Controllers */,
				3172282A20D7FCDC0025FCBD /* StdLibExtensions */,
				31D44B2320D7E078008A6155 /* Data */,
				31D44B0120D7DD3A008A6155 /* AppDelegate.swift */,
				31D44B0720D7DD3A008A6155 /* Main.storyboard */,
				31D44B0A20D7DD3B008A6155 /* Assets.xcassets */,
				31D44B0C20D7DD3B008A6155 /* LaunchScreen.storyboard */,
				31D44B0F20D7DD3B008A6155 /* Info.plist */,
			);
			path = Challenge;
			sourceTree = "<group>";
		};
		31D44B1720D7DD3B008A6155 /* ChallengeTests */ = {
			isa = PBXGroup;
			children = (
				31D44B1820D7DD3B008A6155 /* ChallengeTests.swift */,
				31D44B1A20D7DD3B008A6155 /* Info.plist */,
				31D44B2820D7E2B9008A6155 /* BattleModelTests.swift */,
				31D44B2A20D7E2CD008A6155 /* UserModelTests.swift */,
			);
			path = ChallengeTests;
			sourceTree = "<group>";
		};
		31D44B2320D7E078008A6155 /* Data */ = {
			isa = PBXGroup;
			children = (
				31D44B2420D7E096008A6155 /* Battle.swift */,
				31D44B2620D7E1D2008A6155 /* User.swift */,
				31D44B2C20D7F275008A6155 /* Webservice.swift */,
			);
			path = Data;
			sourceTree = "<group>";
		};
/* End PBXGroup section */

/* Begin PBXNativeTarget section */
		31D44AFD20D7DD3A008A6155 /* Challenge */ = {
			isa = PBXNativeTarget;
			buildConfigurationList = 31D44B1D20D7DD3B008A6155 /* Build configuration list for PBXNativeTarget "Challenge" */;
			buildPhases = (
				31D44AFA20D7DD3A008A6155 /* Sources */,
				31D44AFB20D7DD3A008A6155 /* Frameworks */,
				31D44AFC20D7DD3A008A6155 /* Resources */,
			);
			buildRules = (
			);
			dependencies = (
			);
			name = Challenge;
			productName = Challenge;
			productReference = 31D44AFE20D7DD3A008A6155 /* Challenge.app */;
			productType = "com.apple.product-type.application";
		};
		31D44B1320D7DD3B008A6155 /* ChallengeTests */ = {
			isa = PBXNativeTarget;
			buildConfigurationList = 31D44B2020D7DD3B008A6155 /* Build configuration list for PBXNativeTarget "ChallengeTests" */;
			buildPhases = (
				31D44B1020D7DD3B008A6155 /* Sources */,
				31D44B1120D7DD3B008A6155 /* Frameworks */,
				31D44B1220D7DD3B008A6155 /* Resources */,
			);
			buildRules = (
			);
			dependencies = (
				31D44B1620D7DD3B008A6155 /* PBXTargetDependency */,
			);
			name = ChallengeTests;
			productName = ChallengeTests;
			productReference = 31D44B1420D7DD3B008A6155 /* ChallengeTests.xctest */;
			productType = "com.apple.product-type.bundle.unit-test";
		};
/* End PBXNativeTarget section */

/* Begin PBXProject section */
		31D44AF620D7DD3A008A6155 /* Project object */ = {
			isa = PBXProject;
			attributes = {
				LastSwiftUpdateCheck = 0940;
				LastUpgradeCheck = 0940;
				ORGANIZATIONNAME = "Cromulent Consulting, Inc.";
				TargetAttributes = {
					31D44AFD20D7DD3A008A6155 = {
						CreatedOnToolsVersion = 9.4.1;
					};
					31D44B1320D7DD3B008A6155 = {
						CreatedOnToolsVersion = 9.4.1;
						TestTargetID = 31D44AFD20D7DD3A008A6155;
					};
				};
			};
			buildConfigurationList = 31D44AF920D7DD3A008A6155 /* Build configuration list for PBXProject "Challenge" */;
			compatibilityVersion = "Xcode 9.3";
			developmentRegion = en;
			hasScannedForEncodings = 0;
			knownRegions = (
				en,
				Base,
			);
			mainGroup = 31D44AF520D7DD3A008A6155;
			productRefGroup = 31D44AFF20D7DD3A008A6155 /* Products */;
			projectDirPath = "";
			projectRoot = "";
			targets = (
				31D44AFD20D7DD3A008A6155 /* Challenge */,
				31D44B1320D7DD3B008A6155 /* ChallengeTests */,
			);
		};
/* End PBXProject section */

/* Begin PBXResourcesBuildPhase section */
		31D44AFC20D7DD3A008A6155 /* Resources */ = {
			isa = PBXResourcesBuildPhase;
			buildActionMask = 2147483647;
			files = (
				31D44B0E20D7DD3B008A6155 /* LaunchScreen.storyboard in Resources */,
				31D44B0B20D7DD3B008A6155 /* Assets.xcassets in Resources */,
				31D44B0920D7DD3A008A6155 /* Main.storyboard in Resources */,
			);
			runOnlyForDeploymentPostprocessing = 0;
		};
		31D44B1220D7DD3B008A6155 /* Resources */ = {
			isa = PBXResourcesBuildPhase;
			buildActionMask = 2147483647;
			files = (
			);
			runOnlyForDeploymentPostprocessing = 0;
		};
/* End PBXResourcesBuildPhase section */

/* Begin PBXSourcesBuildPhase section */
		31D44AFA20D7DD3A008A6155 /* Sources */ = {
			isa = PBXSourcesBuildPhase;
			buildActionMask = 2147483647;
			files = (
				3172282C20D7FCFA0025FCBD /* DateExtensions.swift in Sources */,
				31CF907820D93A46006B4AA5 /* MainTabBarController.swift in Sources */,
				31D44B0220D7DD3A008A6155 /* AppDelegate.swift in Sources */,
				31D44B2D20D7F275008A6155 /* Webservice.swift in Sources */,
				31CA6D6D20DA8D3D000DC552 /* HomeViewController.swift in Sources */,
				31CF907A20D93AB0006B4AA5 /* SignInViewController.swift in Sources */,
				31D44B2720D7E1D2008A6155 /* User.swift in Sources */,
				31CA6D6F20DAA5BB000DC552 /* SelectOpponentViewController.swift in Sources */,
				31CA6D7220DAA6C1000DC552 /* UsernameSelectionTableViewCell.swift in Sources */,
				31D44B2520D7E096008A6155 /* Battle.swift in Sources */,
			);
			runOnlyForDeploymentPostprocessing = 0;
		};
		31D44B1020D7DD3B008A6155 /* Sources */ = {
			isa = PBXSourcesBuildPhase;
			buildActionMask = 2147483647;
			files = (
				3172282D20D7FD190025FCBD /* DateExtensions.swift in Sources */,
				31D44B1920D7DD3B008A6155 /* ChallengeTests.swift in Sources */,
				31D44B2B20D7E2CD008A6155 /* UserModelTests.swift in Sources */,
				31D44B3020D7F5D5008A6155 /* Webservice.swift in Sources */,
				31D44B2920D7E2B9008A6155 /* BattleModelTests.swift in Sources */,
				31D44B2F20D7F5D3008A6155 /* User.swift in Sources */,
				31D44B2E20D7F5D0008A6155 /* Battle.swift in Sources */,
			);
			runOnlyForDeploymentPostprocessing = 0;
		};
/* End PBXSourcesBuildPhase section */

/* Begin PBXTargetDependency section */
		31D44B1620D7DD3B008A6155 /* PBXTargetDependency */ = {
			isa = PBXTargetDependency;
			target = 31D44AFD20D7DD3A008A6155 /* Challenge */;
			targetProxy = 31D44B1520D7DD3B008A6155 /* PBXContainerItemProxy */;
		};
/* End PBXTargetDependency section */

/* Begin PBXVariantGroup section */
		31D44B0720D7DD3A008A6155 /* Main.storyboard */ = {
			isa = PBXVariantGroup;
			children = (
				31D44B0820D7DD3A008A6155 /* Base */,
			);
			name = Main.storyboard;
			sourceTree = "<group>";
		};
		31D44B0C20D7DD3B008A6155 /* LaunchScreen.storyboard */ = {
			isa = PBXVariantGroup;
			children = (
				31D44B0D20D7DD3B008A6155 /* Base */,
			);
			name = LaunchScreen.storyboard;
			sourceTree = "<group>";
		};
/* End PBXVariantGroup section */

/* Begin XCBuildConfiguration section */
		31D44B1B20D7DD3B008A6155 /* Debug */ = {
			isa = XCBuildConfiguration;
			buildSettings = {
				ALWAYS_SEARCH_USER_PATHS = NO;
				CLANG_ANALYZER_NONNULL = YES;
				CLANG_ANALYZER_NUMBER_OBJECT_CONVERSION = YES_AGGRESSIVE;
				CLANG_CXX_LANGUAGE_STANDARD = "gnu++14";
				CLANG_CXX_LIBRARY = "libc++";
				CLANG_ENABLE_MODULES = YES;
				CLANG_ENABLE_OBJC_ARC = YES;
				CLANG_ENABLE_OBJC_WEAK = YES;
				CLANG_WARN_BLOCK_CAPTURE_AUTORELEASING = YES;
				CLANG_WARN_BOOL_CONVERSION = YES;
				CLANG_WARN_COMMA = YES;
				CLANG_WARN_CONSTANT_CONVERSION = YES;
				CLANG_WARN_DEPRECATED_OBJC_IMPLEMENTATIONS = YES;
				CLANG_WARN_DIRECT_OBJC_ISA_USAGE = YES_ERROR;
				CLANG_WARN_DOCUMENTATION_COMMENTS = YES;
				CLANG_WARN_EMPTY_BODY = YES;
				CLANG_WARN_ENUM_CONVERSION = YES;
				CLANG_WARN_INFINITE_RECURSION = YES;
				CLANG_WARN_INT_CONVERSION = YES;
				CLANG_WARN_NON_LITERAL_NULL_CONVERSION = YES;
				CLANG_WARN_OBJC_IMPLICIT_RETAIN_SELF = YES;
				CLANG_WARN_OBJC_LITERAL_CONVERSION = YES;
				CLANG_WARN_OBJC_ROOT_CLASS = YES_ERROR;
				CLANG_WARN_RANGE_LOOP_ANALYSIS = YES;
				CLANG_WARN_STRICT_PROTOTYPES = YES;
				CLANG_WARN_SUSPICIOUS_MOVE = YES;
				CLANG_WARN_UNGUARDED_AVAILABILITY = YES_AGGRESSIVE;
				CLANG_WARN_UNREACHABLE_CODE = YES;
				CLANG_WARN__DUPLICATE_METHOD_MATCH = YES;
				CODE_SIGN_IDENTITY = "iPhone Developer";
				COPY_PHASE_STRIP = NO;
				DEBUG_INFORMATION_FORMAT = dwarf;
				ENABLE_STRICT_OBJC_MSGSEND = YES;
				ENABLE_TESTABILITY = YES;
				GCC_C_LANGUAGE_STANDARD = gnu11;
				GCC_DYNAMIC_NO_PIC = NO;
				GCC_NO_COMMON_BLOCKS = YES;
				GCC_OPTIMIZATION_LEVEL = 0;
				GCC_PREPROCESSOR_DEFINITIONS = (
					"DEBUG=1",
					"$(inherited)",
				);
				GCC_WARN_64_TO_32_BIT_CONVERSION = YES;
				GCC_WARN_ABOUT_RETURN_TYPE = YES_ERROR;
				GCC_WARN_UNDECLARED_SELECTOR = YES;
				GCC_WARN_UNINITIALIZED_AUTOS = YES_AGGRESSIVE;
				GCC_WARN_UNUSED_FUNCTION = YES;
				GCC_WARN_UNUSED_VARIABLE = YES;
				IPHONEOS_DEPLOYMENT_TARGET = 11.4;
				MTL_ENABLE_DEBUG_INFO = YES;
				ONLY_ACTIVE_ARCH = YES;
				SDKROOT = iphoneos;
				SWIFT_ACTIVE_COMPILATION_CONDITIONS = DEBUG;
				SWIFT_OPTIMIZATION_LEVEL = "-Onone";
			};
			name = Debug;
		};
		31D44B1C20D7DD3B008A6155 /* Release */ = {
			isa = XCBuildConfiguration;
			buildSettings = {
				ALWAYS_SEARCH_USER_PATHS = NO;
				CLANG_ANALYZER_NONNULL = YES;
				CLANG_ANALYZER_NUMBER_OBJECT_CONVERSION = YES_AGGRESSIVE;
				CLANG_CXX_LANGUAGE_STANDARD = "gnu++14";
				CLANG_CXX_LIBRARY = "libc++";
				CLANG_ENABLE_MODULES = YES;
				CLANG_ENABLE_OBJC_ARC = YES;
				CLANG_ENABLE_OBJC_WEAK = YES;
				CLANG_WARN_BLOCK_CAPTURE_AUTORELEASING = YES;
				CLANG_WARN_BOOL_CONVERSION = YES;
				CLANG_WARN_COMMA = YES;
				CLANG_WARN_CONSTANT_CONVERSION = YES;
				CLANG_WARN_DEPRECATED_OBJC_IMPLEMENTATIONS = YES;
				CLANG_WARN_DIRECT_OBJC_ISA_USAGE = YES_ERROR;
				CLANG_WARN_DOCUMENTATION_COMMENTS = YES;
				CLANG_WARN_EMPTY_BODY = YES;
				CLANG_WARN_ENUM_CONVERSION = YES;
				CLANG_WARN_INFINITE_RECURSION = YES;
				CLANG_WARN_INT_CONVERSION = YES;
				CLANG_WARN_NON_LITERAL_NULL_CONVERSION = YES;
				CLANG_WARN_OBJC_IMPLICIT_RETAIN_SELF = YES;
				CLANG_WARN_OBJC_LITERAL_CONVERSION = YES;
				CLANG_WARN_OBJC_ROOT_CLASS = YES_ERROR;
				CLANG_WARN_RANGE_LOOP_ANALYSIS = YES;
				CLANG_WARN_STRICT_PROTOTYPES = YES;
				CLANG_WARN_SUSPICIOUS_MOVE = YES;
				CLANG_WARN_UNGUARDED_AVAILABILITY = YES_AGGRESSIVE;
				CLANG_WARN_UNREACHABLE_CODE = YES;
				CLANG_WARN__DUPLICATE_METHOD_MATCH = YES;
				CODE_SIGN_IDENTITY = "iPhone Developer";
				COPY_PHASE_STRIP = NO;
				DEBUG_INFORMATION_FORMAT = "dwarf-with-dsym";
				ENABLE_NS_ASSERTIONS = NO;
				ENABLE_STRICT_OBJC_MSGSEND = YES;
				GCC_C_LANGUAGE_STANDARD = gnu11;
				GCC_NO_COMMON_BLOCKS = YES;
				GCC_WARN_64_TO_32_BIT_CONVERSION = YES;
				GCC_WARN_ABOUT_RETURN_TYPE = YES_ERROR;
				GCC_WARN_UNDECLARED_SELECTOR = YES;
				GCC_WARN_UNINITIALIZED_AUTOS = YES_AGGRESSIVE;
				GCC_WARN_UNUSED_FUNCTION = YES;
				GCC_WARN_UNUSED_VARIABLE = YES;
				IPHONEOS_DEPLOYMENT_TARGET = 11.4;
				MTL_ENABLE_DEBUG_INFO = NO;
				SDKROOT = iphoneos;
				SWIFT_COMPILATION_MODE = wholemodule;
				SWIFT_OPTIMIZATION_LEVEL = "-O";
				VALIDATE_PRODUCT = YES;
			};
			name = Release;
		};
		31D44B1E20D7DD3B008A6155 /* Debug */ = {
			isa = XCBuildConfiguration;
			buildSettings = {
				ASSETCATALOG_COMPILER_APPICON_NAME = AppIcon;
				CODE_SIGN_STYLE = Automatic;
				DEVELOPMENT_TEAM = 8C9UTG7ML3;
				INFOPLIST_FILE = Challenge/Info.plist;
				LD_RUNPATH_SEARCH_PATHS = (
					"$(inherited)",
					"@executable_path/Frameworks",
				);
				PRODUCT_BUNDLE_IDENTIFIER = com.cromulentconsulting.Challenge;
				PRODUCT_NAME = "$(TARGET_NAME)";
				SWIFT_VERSION = 4.0;
				TARGETED_DEVICE_FAMILY = "1,2";
			};
			name = Debug;
		};
		31D44B1F20D7DD3B008A6155 /* Release */ = {
			isa = XCBuildConfiguration;
			buildSettings = {
				ASSETCATALOG_COMPILER_APPICON_NAME = AppIcon;
				CODE_SIGN_STYLE = Automatic;
				DEVELOPMENT_TEAM = 8C9UTG7ML3;
				INFOPLIST_FILE = Challenge/Info.plist;
				LD_RUNPATH_SEARCH_PATHS = (
					"$(inherited)",
					"@executable_path/Frameworks",
				);
				PRODUCT_BUNDLE_IDENTIFIER = com.cromulentconsulting.Challenge;
				PRODUCT_NAME = "$(TARGET_NAME)";
				SWIFT_VERSION = 4.0;
				TARGETED_DEVICE_FAMILY = "1,2";
			};
			name = Release;
		};
		31D44B2120D7DD3B008A6155 /* Debug */ = {
			isa = XCBuildConfiguration;
			buildSettings = {
				ALWAYS_EMBED_SWIFT_STANDARD_LIBRARIES = YES;
				BUNDLE_LOADER = "$(TEST_HOST)";
				CODE_SIGN_STYLE = Automatic;
				DEVELOPMENT_TEAM = 8C9UTG7ML3;
				INFOPLIST_FILE = ChallengeTests/Info.plist;
				LD_RUNPATH_SEARCH_PATHS = (
					"$(inherited)",
					"@executable_path/Frameworks",
					"@loader_path/Frameworks",
				);
				PRODUCT_BUNDLE_IDENTIFIER = com.cromulentconsulting.ChallengeTests;
				PRODUCT_NAME = "$(TARGET_NAME)";
				SWIFT_VERSION = 4.0;
				TARGETED_DEVICE_FAMILY = "1,2";
				TEST_HOST = "$(BUILT_PRODUCTS_DIR)/Challenge.app/Challenge";
			};
			name = Debug;
		};
		31D44B2220D7DD3B008A6155 /* Release */ = {
			isa = XCBuildConfiguration;
			buildSettings = {
				ALWAYS_EMBED_SWIFT_STANDARD_LIBRARIES = YES;
				BUNDLE_LOADER = "$(TEST_HOST)";
				CODE_SIGN_STYLE = Automatic;
				DEVELOPMENT_TEAM = 8C9UTG7ML3;
				INFOPLIST_FILE = ChallengeTests/Info.plist;
				LD_RUNPATH_SEARCH_PATHS = (
					"$(inherited)",
					"@executable_path/Frameworks",
					"@loader_path/Frameworks",
				);
				PRODUCT_BUNDLE_IDENTIFIER = com.cromulentconsulting.ChallengeTests;
				PRODUCT_NAME = "$(TARGET_NAME)";
				SWIFT_VERSION = 4.0;
				TARGETED_DEVICE_FAMILY = "1,2";
				TEST_HOST = "$(BUILT_PRODUCTS_DIR)/Challenge.app/Challenge";
			};
			name = Release;
		};
/* End XCBuildConfiguration section */

/* Begin XCConfigurationList section */
		31D44AF920D7DD3A008A6155 /* Build configuration list for PBXProject "Challenge" */ = {
			isa = XCConfigurationList;
			buildConfigurations = (
				31D44B1B20D7DD3B008A6155 /* Debug */,
				31D44B1C20D7DD3B008A6155 /* Release */,
			);
			defaultConfigurationIsVisible = 0;
			defaultConfigurationName = Release;
		};
		31D44B1D20D7DD3B008A6155 /* Build configuration list for PBXNativeTarget "Challenge" */ = {
			isa = XCConfigurationList;
			buildConfigurations = (
				31D44B1E20D7DD3B008A6155 /* Debug */,
				31D44B1F20D7DD3B008A6155 /* Release */,
			);
			defaultConfigurationIsVisible = 0;
			defaultConfigurationName = Release;
		};
		31D44B2020D7DD3B008A6155 /* Build configuration list for PBXNativeTarget "ChallengeTests" */ = {
			isa = XCConfigurationList;
			buildConfigurations = (
				31D44B2120D7DD3B008A6155 /* Debug */,
				31D44B2220D7DD3B008A6155 /* Release */,
			);
			defaultConfigurationIsVisible = 0;
			defaultConfigurationName = Release;
		};
/* End XCConfigurationList section */
	};
	rootObject = 31D44AF620D7DD3A008A6155 /* Project object */;
}
